
Microsoft Visual Studio Solution File, Format Version 12.00
# Visual Studio Version 16
VisualStudioVersion = 16.0.31321.278
MinimumVisualStudioVersion = 10.0.40219.1
Project("{8BC9CEB8-8B4A-11D0-8D11-00A0C91BC942}") = "test_opencv", "test_opencv\test_opencv.vcxproj", "{4F0FA239-5EBF-45A2-946E-FA2D83A7180C}"
EndProject
Global
	GlobalSection(SolutionConfigurationPlatforms) = preSolution
		Debug|x64 = Debug|x64
		Debug|x86 = Debug|x86
		Release|x64 = Release|x64
		Release|x86 = Release|x86
	EndGlobalSection
	GlobalSection(ProjectConfigurationPlatforms) = postSolution
		{4F0FA239-5EBF-45A2-946E-FA2D83A7180C}.Debug|x64.ActiveCfg = Debug|x64
		{4F0FA239-5EBF-45A2-946E-FA2D83A7180C}.Debug|x64.Build.0 = Debug|x64
		{4F0FA239-5EBF-45A2-946E-FA2D83A7180C}.Debug|x86.ActiveCfg = Debug|Win32
		{4F0FA239-5EBF-45A2-946E-FA2D83A7180C}.Debug|x86.Build.0 = Debug|Win32
		{4F0FA239-5EBF-45A2-946E-FA2D83A7180C}.Release|x64.ActiveCfg = Release|x64
		{4F0FA239-5EBF-45A2-946E-FA2D83A7180C}.Release|x64.Build.0 = Release|x64
		{4F0FA239-5EBF-45A2-946E-FA2D83A7180C}.Release|x86.ActiveCfg = Release|Win32
		{4F0FA239-5EBF-45A2-946E-FA2D83A7180C}.Release|x86.Build.0 = Release|Win32
	EndGlobalSection
	GlobalSection(SolutionProperties) = preSolution
		HideSolutionNode = FALSE
	EndGlobalSection
	GlobalSection(ExtensibilityGlobals) = postSolution
		SolutionGuid = {CA3FDCA4-EC25-473F-81B9-ABA3745AA9A6}
	EndGlobalSection
EndGlobal
